
Microsoft Visual Studio Solution File, Format Version 12.00
# Visual Studio Version 16
VisualStudioVersion = 16.0.31205.134
MinimumVisualStudioVersion = 10.0.40219.1
Project("{FAE04EC0-301F-11D3-BF4B-00C04F79EFBC}") = "ParseCSV", "ParseCSV.csproj", "{83E52BFC-7A76-45DD-9624-C66BF7F9487B}"
EndProject
Global
	GlobalSection(SolutionConfigurationPlatforms) = preSolution
		Debug|Any CPU = Debug|Any CPU
		Release|Any CPU = Release|Any CPU
	EndGlobalSection
	GlobalSection(ProjectConfigurationPlatforms) = postSolution
		{83E52BFC-7A76-45DD-9624-C66BF7F9487B}.Debug|Any CPU.ActiveCfg = Debug|Any CPU
		{83E52BFC-7A76-45DD-9624-C66BF7F9487B}.Debug|Any CPU.Build.0 = Debug|Any CPU
		{83E52BFC-7A76-45DD-9624-C66BF7F9487B}.Release|Any CPU.ActiveCfg = Release|Any CPU
		{83E52BFC-7A76-45DD-9624-C66BF7F9487B}.Release|Any CPU.Build.0 = Release|Any CPU
	EndGlobalSection
	GlobalSection(SolutionProperties) = preSolution
		HideSolutionNode = FALSE
	EndGlobalSection
	GlobalSection(ExtensibilityGlobals) = postSolution
		SolutionGuid = {49050546-A7A0-4AB7-BDD1-2934EEA4916F}
	EndGlobalSection
EndGlobal
