
Microsoft Visual Studio Solution File, Format Version 12.00
# Visual Studio Version 16
VisualStudioVersion = 16.0.30907.101
MinimumVisualStudioVersion = 10.0.40219.1
Project("{FAE04EC0-301F-11D3-BF4B-00C04F79EFBC}") = "MonteCarloMethod", "MonteCarloMethod.csproj", "{098B4097-398F-4709-A004-B2610BF71465}"
EndProject
Global
	GlobalSection(SolutionConfigurationPlatforms) = preSolution
		Debug|Any CPU = Debug|Any CPU
		Release|Any CPU = Release|Any CPU
	EndGlobalSection
	GlobalSection(ProjectConfigurationPlatforms) = postSolution
		{098B4097-398F-4709-A004-B2610BF71465}.Debug|Any CPU.ActiveCfg = Debug|Any CPU
		{098B4097-398F-4709-A004-B2610BF71465}.Debug|Any CPU.Build.0 = Debug|Any CPU
		{098B4097-398F-4709-A004-B2610BF71465}.Release|Any CPU.ActiveCfg = Release|Any CPU
		{098B4097-398F-4709-A004-B2610BF71465}.Release|Any CPU.Build.0 = Release|Any CPU
	EndGlobalSection
	GlobalSection(SolutionProperties) = preSolution
		HideSolutionNode = FALSE
	EndGlobalSection
	GlobalSection(ExtensibilityGlobals) = postSolution
		SolutionGuid = {0E1EABD0-9023-49AF-B03F-056D8C93C00E}
	EndGlobalSection
EndGlobal
